{
    "_readme": [
        "This file locks the dependencies of your project to a known state",
        "Read more about it at https://getcomposer.org/doc/01-basic-usage.md#composer-lock-the-lock-file",
        "This file is @generated automatically"
    ],
    "content-hash": "3175186f13816f588c8d09f8c49747fd",
    "packages": [
        {
            "name": "emojione/emojione",
            "version": "v2.2.7",
            "source": {
                "type": "git",
                "url": "https://github.com/Ranks/emojione.git",
                "reference": "0aad7f9f7969f0187e4f50d12fdc113541a34ac3"
            },
            "dist": {
                "type": "zip",
                "url": "https://api.github.com/repos/Ranks/emojione/zipball/0aad7f9f7969f0187e4f50d12fdc113541a34ac3",
                "reference": "0aad7f9f7969f0187e4f50d12fdc113541a34ac3",
                "shasum": ""
            },
            "require": {
                "php": ">=5.3"
            },
            "require-dev": {
                "phpunit/phpunit": "~4.6 || ~5.0"
            },
            "type": "library",
            "autoload": {
                "psr-4": {
                    "Emojione\\": "lib/php/src"
                }
            },
            "notification-url": "https://packagist.org/downloads/",
            "license": [
                "(CC-BY-4.0 and MIT)"
            ],
            "description": "Emoji One is a complete set of emojis designed for the web. It includes libraries to easily convert unicode characters to shortnames (:smile:) and shortnames to our custom emoji images. PNG and SVG formats provided for the emoji images.",
            "homepage": "http://www.emojione.com",
            "keywords": [
                "Emoji One",
                "emoji",
                "emojione",
                "emojis",
                "emoticons",
                "smileys",
                "smilies",
                "unicode"
            ],
            "time": "2016-12-03T01:19:25+00:00"
        },
        {
            "name": "jasonlewis/expressive-date",
            "version": "v1.0.2",
            "source": {
                "type": "git",
                "url": "https://github.com/jasonlewis/expressive-date.git",
                "reference": "1215d093fd3fe222e26629e0bc3885968ba88a01"
            },
            "dist": {
                "type": "zip",
                "url": "https://api.github.com/repos/jasonlewis/expressive-date/zipball/1215d093fd3fe222e26629e0bc3885968ba88a01",
                "reference": "1215d093fd3fe222e26629e0bc3885968ba88a01",
                "shasum": ""
            },
            "require": {
                "php": ">=5.2.0"
            },
            "type": "library",
            "autoload": {
                "classmap": [
                    "src"
                ]
            },
            "notification-url": "https://packagist.org/downloads/",
            "license": [
                "BSD-2-Clause"
            ],
            "authors": [
                {
                    "name": "Jason Lewis",
                    "email": "jason.lewis1991@gmail.com",
                    "homepage": "http://jasonlewis.me",
                    "role": "Creator"
                }
            ],
            "description": "A fluent extension to PHPs DateTime class.",
            "keywords": [
                "date",
                "time"
            ],
            "time": "2013-05-17T23:22:57+00:00"
        }
    ],
    "packages-dev": [],
    "aliases": [],
    "minimum-stability": "stable",
    "stability-flags": [],
    "prefer-stable": false,
    "prefer-lowest": false,
    "platform": [],
    "platform-dev": []
}
